
Microsoft Visual Studio Solution File, Format Version 12.00
# Visual Studio Version 17
VisualStudioVersion = 17.14.37027.9 d17.14
MinimumVisualStudioVersion = 10.0.40219.1
Project("{FAE04EC0-301F-11D3-BF4B-00C04F79EFBC}") = "Pong Game", "Pong Game.csproj", "{AD9B4E3B-F140-46D0-9566-F49868708C77}"
EndProject
Global
	GlobalSection(SolutionConfigurationPlatforms) = preSolution
		Debug|Any CPU = Debug|Any CPU
		Release|Any CPU = Release|Any CPU
	EndGlobalSection
	GlobalSection(ProjectConfigurationPlatforms) = postSolution
		{AD9B4E3B-F140-46D0-9566-F49868708C77}.Debug|Any CPU.ActiveCfg = Debug|Any CPU
		{AD9B4E3B-F140-46D0-9566-F49868708C77}.Debug|Any CPU.Build.0 = Debug|Any CPU
		{AD9B4E3B-F140-46D0-9566-F49868708C77}.Release|Any CPU.ActiveCfg = Release|Any CPU
		{AD9B4E3B-F140-46D0-9566-F49868708C77}.Release|Any CPU.Build.0 = Release|Any CPU
	EndGlobalSection
	GlobalSection(SolutionProperties) = preSolution
		HideSolutionNode = FALSE
	EndGlobalSection
	GlobalSection(ExtensibilityGlobals) = postSolution
		SolutionGuid = {3E108BFC-36F4-4C2A-932B-B5C4A7B263B4}
	EndGlobalSection
EndGlobal
